
Microsoft Visual Studio Solution File, Format Version 11.00
# Visual Studio 2010
Project("{FAE04EC0-301F-11D3-BF4B-00C04F79EFBC}") = "ApqDBClient", "ApqDBClient\ApqDBClient.csproj", "{9D89E72C-ACDD-47BE-84E3-270BACA7A8A4}"
EndProject
Global
	GlobalSection(SolutionConfigurationPlatforms) = preSolution
		Debug_Home|Any CPU = Debug_Home|Any CPU
		Debug_Home|x86 = Debug_Home|x86
		Debug|Any CPU = Debug|Any CPU
		Debug|x86 = Debug|x86
		Release|Any CPU = Release|Any CPU
		Release|x86 = Release|x86
	EndGlobalSection
	GlobalSection(ProjectConfigurationPlatforms) = postSolution
		{9D89E72C-ACDD-47BE-84E3-270BACA7A8A4}.Debug_Home|Any CPU.ActiveCfg = Debug_Home|Any CPU
		{9D89E72C-ACDD-47BE-84E3-270BACA7A8A4}.Debug_Home|Any CPU.Build.0 = Debug_Home|Any CPU
		{9D89E72C-ACDD-47BE-84E3-270BACA7A8A4}.Debug_Home|x86.ActiveCfg = Debug_Home|x86
		{9D89E72C-ACDD-47BE-84E3-270BACA7A8A4}.Debug_Home|x86.Build.0 = Debug_Home|x86
		{9D89E72C-ACDD-47BE-84E3-270BACA7A8A4}.Debug|Any CPU.ActiveCfg = Debug|Any CPU
		{9D89E72C-ACDD-47BE-84E3-270BACA7A8A4}.Debug|Any CPU.Build.0 = Debug|Any CPU
		{9D89E72C-ACDD-47BE-84E3-270BACA7A8A4}.Debug|x86.ActiveCfg = Debug|x86
		{9D89E72C-ACDD-47BE-84E3-270BACA7A8A4}.Debug|x86.Build.0 = Debug|x86
		{9D89E72C-ACDD-47BE-84E3-270BACA7A8A4}.Release|Any CPU.ActiveCfg = Release|Any CPU
		{9D89E72C-ACDD-47BE-84E3-270BACA7A8A4}.Release|Any CPU.Build.0 = Release|Any CPU
		{9D89E72C-ACDD-47BE-84E3-270BACA7A8A4}.Release|x86.ActiveCfg = Release|x86
		{9D89E72C-ACDD-47BE-84E3-270BACA7A8A4}.Release|x86.Build.0 = Release|x86
	EndGlobalSection
	GlobalSection(SolutionProperties) = preSolution
		HideSolutionNode = FALSE
	EndGlobalSection
EndGlobal
