
Microsoft Visual Studio Solution File, Format Version 10.00
# Visual Studio 2008
Project("{00000000-0000-0000-0000-000000000000}") = "sqs", "sqs\sqs.csproj", "{AFE9628A-6D2D-45FE-AAC9-9DCD94AD460F}"
EndProject
Global
	GlobalSection(SolutionConfigurationPlatforms) = preSolution
		Debug|Any CPU = Debug|Any CPU
		Release|Any CPU = Release|Any CPU
	EndGlobalSection
	GlobalSection(ProjectConfigurationPlatforms) = postSolution
		{AFE9628A-6D2D-45FE-AAC9-9DCD94AD460F}.Debug|Any CPU.ActiveCfg = Debug|Any CPU
		{AFE9628A-6D2D-45FE-AAC9-9DCD94AD460F}.Debug|Any CPU.Build.0 = Debug|Any CPU
		{AFE9628A-6D2D-45FE-AAC9-9DCD94AD460F}.Release|Any CPU.ActiveCfg = Release|Any CPU
		{AFE9628A-6D2D-45FE-AAC9-9DCD94AD460F}.Release|Any CPU.Build.0 = Release|Any CPU
	EndGlobalSection
	GlobalSection(SolutionProperties) = preSolution
		HideSolutionNode = FALSE
	EndGlobalSection
EndGlobal
