
Microsoft Visual Studio Solution File, Format Version 10.00
# Visual Studio 2008
Project("{2150E333-8FDC-42A3-9474-1A3956D46DE8}") = "_说明", "_说明", "{E04B4CA7-8F90-490C-A30A-4B8CA5E32951}"
	ProjectSection(SolutionItems) = preProject
		AssemblyInfo.txt = AssemblyInfo.txt
		引用关系.txt = 引用关系.txt
	EndProjectSection
EndProject
Project("{FAE04EC0-301F-11D3-BF4B-00C04F79EFBC}") = "Apq", "Apq\Apq.csproj", "{2D48E4F1-34D9-4090-80F0-D7484885F786}"
EndProject
Project("{FAE04EC0-301F-11D3-BF4B-00C04F79EFBC}") = "Apq.Win", "Apq.Win\Apq.Win.csproj", "{5DB41917-3D5D-403F-B552-02B452C07C5D}"
	ProjectSection(ProjectDependencies) = postProject
		{2D48E4F1-34D9-4090-80F0-D7484885F786} = {2D48E4F1-34D9-4090-80F0-D7484885F786}
		{1B263B69-8103-46D0-A753-7E19DC8E7EB5} = {1B263B69-8103-46D0-A753-7E19DC8E7EB5}
	EndProjectSection
EndProject
Project("{FAE04EC0-301F-11D3-BF4B-00C04F79EFBC}") = "Apq.Web", "Apq.Web\Apq.Web.csproj", "{4CEACB22-5EFE-440A-A530-D5C50D1A77DD}"
	ProjectSection(ProjectDependencies) = postProject
		{2D48E4F1-34D9-4090-80F0-D7484885F786} = {2D48E4F1-34D9-4090-80F0-D7484885F786}
		{1B263B69-8103-46D0-A753-7E19DC8E7EB5} = {1B263B69-8103-46D0-A753-7E19DC8E7EB5}
	EndProjectSection
EndProject
Project("{FAE04EC0-301F-11D3-BF4B-00C04F79EFBC}") = "Apq.WorkFlow", "Apq.WorkFlow\Apq.WorkFlow.csproj", "{1B263B69-8103-46D0-A753-7E19DC8E7EB5}"
	ProjectSection(ProjectDependencies) = postProject
		{2D48E4F1-34D9-4090-80F0-D7484885F786} = {2D48E4F1-34D9-4090-80F0-D7484885F786}
	EndProjectSection
EndProject
Project("{FAE04EC0-301F-11D3-BF4B-00C04F79EFBC}") = "Apq.DB", "Apq.DB\Apq.DB.csproj", "{F8FF4DDE-920A-41B6-B7D5-3F2FE88A0ADA}"
	ProjectSection(ProjectDependencies) = postProject
		{2D48E4F1-34D9-4090-80F0-D7484885F786} = {2D48E4F1-34D9-4090-80F0-D7484885F786}
	EndProjectSection
EndProject
Project("{FAE04EC0-301F-11D3-BF4B-00C04F79EFBC}") = "Apq.Com", "Apq.Com\Apq.Com.csproj", "{8BE566A2-8F79-4891-AF21-D44EE76D104B}"
	ProjectSection(ProjectDependencies) = postProject
		{2D48E4F1-34D9-4090-80F0-D7484885F786} = {2D48E4F1-34D9-4090-80F0-D7484885F786}
	EndProjectSection
EndProject
Project("{FAE04EC0-301F-11D3-BF4B-00C04F79EFBC}") = "ApqJS", "ApqJS\ApqJS.csproj", "{AFE9628A-6D2D-45FE-AAC9-9DCD94AD460F}"
EndProject
Project("{FAE04EC0-301F-11D3-BF4B-00C04F79EFBC}") = "Apq.CryptKey", "Apq.CryptKey\Apq.CryptKey.csproj", "{83CCEF59-5B6A-4D0B-BA61-DB9E7250C079}"
EndProject
Global
	GlobalSection(SolutionConfigurationPlatforms) = preSolution
		Apq_Web|.NET = Apq_Web|.NET
		Apq_Web|Any CPU = Apq_Web|Any CPU
		Apq_Web|Mixed Platforms = Apq_Web|Mixed Platforms
		Apq_Web|x86 = Apq_Web|x86
		Apq_Win|.NET = Apq_Win|.NET
		Apq_Win|Any CPU = Apq_Win|Any CPU
		Apq_Win|Mixed Platforms = Apq_Win|Mixed Platforms
		Apq_Win|x86 = Apq_Win|x86
		Debug_Home|.NET = Debug_Home|.NET
		Debug_Home|Any CPU = Debug_Home|Any CPU
		Debug_Home|Mixed Platforms = Debug_Home|Mixed Platforms
		Debug_Home|x86 = Debug_Home|x86
		Debug|.NET = Debug|.NET
		Debug|Any CPU = Debug|Any CPU
		Debug|Mixed Platforms = Debug|Mixed Platforms
		Debug|x86 = Debug|x86
		Release|.NET = Release|.NET
		Release|Any CPU = Release|Any CPU
		Release|Mixed Platforms = Release|Mixed Platforms
		Release|x86 = Release|x86
	EndGlobalSection
	GlobalSection(ProjectConfigurationPlatforms) = postSolution
		{2D48E4F1-34D9-4090-80F0-D7484885F786}.Apq_Web|.NET.ActiveCfg = Apq_Web|Any CPU
		{2D48E4F1-34D9-4090-80F0-D7484885F786}.Apq_Web|Any CPU.ActiveCfg = Apq_Web|Any CPU
		{2D48E4F1-34D9-4090-80F0-D7484885F786}.Apq_Web|Any CPU.Build.0 = Apq_Web|Any CPU
		{2D48E4F1-34D9-4090-80F0-D7484885F786}.Apq_Web|Mixed Platforms.ActiveCfg = Apq_Web|Any CPU
		{2D48E4F1-34D9-4090-80F0-D7484885F786}.Apq_Web|Mixed Platforms.Build.0 = Apq_Web|Any CPU
		{2D48E4F1-34D9-4090-80F0-D7484885F786}.Apq_Web|x86.ActiveCfg = Apq_Web|x86
		{2D48E4F1-34D9-4090-80F0-D7484885F786}.Apq_Web|x86.Build.0 = Apq_Web|x86
		{2D48E4F1-34D9-4090-80F0-D7484885F786}.Apq_Win|.NET.ActiveCfg = Apq_Win|Any CPU
		{2D48E4F1-34D9-4090-80F0-D7484885F786}.Apq_Win|Any CPU.ActiveCfg = Apq_Win|Any CPU
		{2D48E4F1-34D9-4090-80F0-D7484885F786}.Apq_Win|Any CPU.Build.0 = Apq_Win|Any CPU
		{2D48E4F1-34D9-4090-80F0-D7484885F786}.Apq_Win|Mixed Platforms.ActiveCfg = Apq_Win|Any CPU
		{2D48E4F1-34D9-4090-80F0-D7484885F786}.Apq_Win|Mixed Platforms.Build.0 = Apq_Win|Any CPU
		{2D48E4F1-34D9-4090-80F0-D7484885F786}.Apq_Win|x86.ActiveCfg = Apq_Win|x86
		{2D48E4F1-34D9-4090-80F0-D7484885F786}.Apq_Win|x86.Build.0 = Apq_Win|x86
		{2D48E4F1-34D9-4090-80F0-D7484885F786}.Debug_Home|.NET.ActiveCfg = Debug_Home|Any CPU
		{2D48E4F1-34D9-4090-80F0-D7484885F786}.Debug_Home|Any CPU.ActiveCfg = Debug_Home|Any CPU
		{2D48E4F1-34D9-4090-80F0-D7484885F786}.Debug_Home|Any CPU.Build.0 = Debug_Home|Any CPU
		{2D48E4F1-34D9-4090-80F0-D7484885F786}.Debug_Home|Mixed Platforms.ActiveCfg = Debug_Home|Any CPU
		{2D48E4F1-34D9-4090-80F0-D7484885F786}.Debug_Home|Mixed Platforms.Build.0 = Debug_Home|Any CPU
		{2D48E4F1-34D9-4090-80F0-D7484885F786}.Debug_Home|x86.ActiveCfg = Debug_Home|x86
		{2D48E4F1-34D9-4090-80F0-D7484885F786}.Debug_Home|x86.Build.0 = Debug_Home|x86
		{2D48E4F1-34D9-4090-80F0-D7484885F786}.Debug|.NET.ActiveCfg = Debug|Any CPU
		{2D48E4F1-34D9-4090-80F0-D7484885F786}.Debug|Any CPU.ActiveCfg = Debug|Any CPU
		{2D48E4F1-34D9-4090-80F0-D7484885F786}.Debug|Any CPU.Build.0 = Debug|Any CPU
		{2D48E4F1-34D9-4090-80F0-D7484885F786}.Debug|Mixed Platforms.ActiveCfg = Debug|Any CPU
		{2D48E4F1-34D9-4090-80F0-D7484885F786}.Debug|Mixed Platforms.Build.0 = Debug|Any CPU
		{2D48E4F1-34D9-4090-80F0-D7484885F786}.Debug|x86.ActiveCfg = Debug|x86
		{2D48E4F1-34D9-4090-80F0-D7484885F786}.Debug|x86.Build.0 = Debug|x86
		{2D48E4F1-34D9-4090-80F0-D7484885F786}.Release|.NET.ActiveCfg = Release|Any CPU
		{2D48E4F1-34D9-4090-80F0-D7484885F786}.Release|Any CPU.ActiveCfg = Release|Any CPU
		{2D48E4F1-34D9-4090-80F0-D7484885F786}.Release|Any CPU.Build.0 = Release|Any CPU
		{2D48E4F1-34D9-4090-80F0-D7484885F786}.Release|Mixed Platforms.ActiveCfg = Release|Any CPU
		{2D48E4F1-34D9-4090-80F0-D7484885F786}.Release|Mixed Platforms.Build.0 = Release|Any CPU
		{2D48E4F1-34D9-4090-80F0-D7484885F786}.Release|x86.ActiveCfg = Release|x86
		{2D48E4F1-34D9-4090-80F0-D7484885F786}.Release|x86.Build.0 = Release|x86
		{5DB41917-3D5D-403F-B552-02B452C07C5D}.Apq_Web|.NET.ActiveCfg = Apq_Web|Any CPU
		{5DB41917-3D5D-403F-B552-02B452C07C5D}.Apq_Web|Any CPU.ActiveCfg = Apq_Web|Any CPU
		{5DB41917-3D5D-403F-B552-02B452C07C5D}.Apq_Web|Mixed Platforms.ActiveCfg = Apq_Web|Any CPU
		{5DB41917-3D5D-403F-B552-02B452C07C5D}.Apq_Web|Mixed Platforms.Build.0 = Apq_Web|Any CPU
		{5DB41917-3D5D-403F-B552-02B452C07C5D}.Apq_Web|x86.ActiveCfg = Apq_Web|x86
		{5DB41917-3D5D-403F-B552-02B452C07C5D}.Apq_Web|x86.Build.0 = Apq_Web|x86
		{5DB41917-3D5D-403F-B552-02B452C07C5D}.Apq_Win|.NET.ActiveCfg = Apq_Win|Any CPU
		{5DB41917-3D5D-403F-B552-02B452C07C5D}.Apq_Win|Any CPU.ActiveCfg = Apq_Win|Any CPU
		{5DB41917-3D5D-403F-B552-02B452C07C5D}.Apq_Win|Any CPU.Build.0 = Apq_Win|Any CPU
		{5DB41917-3D5D-403F-B552-02B452C07C5D}.Apq_Win|Mixed Platforms.ActiveCfg = Apq_Win|Any CPU
		{5DB41917-3D5D-403F-B552-02B452C07C5D}.Apq_Win|Mixed Platforms.Build.0 = Apq_Win|Any CPU
		{5DB41917-3D5D-403F-B552-02B452C07C5D}.Apq_Win|x86.ActiveCfg = Apq_Win|x86
		{5DB41917-3D5D-403F-B552-02B452C07C5D}.Apq_Win|x86.Build.0 = Apq_Win|x86
		{5DB41917-3D5D-403F-B552-02B452C07C5D}.Debug_Home|.NET.ActiveCfg = Debug_Home|Any CPU
		{5DB41917-3D5D-403F-B552-02B452C07C5D}.Debug_Home|Any CPU.ActiveCfg = Debug_Home|Any CPU
		{5DB41917-3D5D-403F-B552-02B452C07C5D}.Debug_Home|Any CPU.Build.0 = Debug_Home|Any CPU
		{5DB41917-3D5D-403F-B552-02B452C07C5D}.Debug_Home|Mixed Platforms.ActiveCfg = Debug_Home|Any CPU
		{5DB41917-3D5D-403F-B552-02B452C07C5D}.Debug_Home|Mixed Platforms.Build.0 = Debug_Home|Any CPU
		{5DB41917-3D5D-403F-B552-02B452C07C5D}.Debug_Home|x86.ActiveCfg = Debug_Home|x86
		{5DB41917-3D5D-403F-B552-02B452C07C5D}.Debug_Home|x86.Build.0 = Debug_Home|x86
		{5DB41917-3D5D-403F-B552-02B452C07C5D}.Debug|.NET.ActiveCfg = Debug|Any CPU
		{5DB41917-3D5D-403F-B552-02B452C07C5D}.Debug|Any CPU.ActiveCfg = Debug|Any CPU
		{5DB41917-3D5D-403F-B552-02B452C07C5D}.Debug|Any CPU.Build.0 = Debug|Any CPU
		{5DB41917-3D5D-403F-B552-02B452C07C5D}.Debug|Mixed Platforms.ActiveCfg = Debug|Any CPU
		{5DB41917-3D5D-403F-B552-02B452C07C5D}.Debug|Mixed Platforms.Build.0 = Debug|Any CPU
		{5DB41917-3D5D-403F-B552-02B452C07C5D}.Debug|x86.ActiveCfg = Debug|x86
		{5DB41917-3D5D-403F-B552-02B452C07C5D}.Debug|x86.Build.0 = Debug|x86
		{5DB41917-3D5D-403F-B552-02B452C07C5D}.Release|.NET.ActiveCfg = Release|Any CPU
		{5DB41917-3D5D-403F-B552-02B452C07C5D}.Release|Any CPU.ActiveCfg = Release|Any CPU
		{5DB41917-3D5D-403F-B552-02B452C07C5D}.Release|Any CPU.Build.0 = Release|Any CPU
		{5DB41917-3D5D-403F-B552-02B452C07C5D}.Release|Mixed Platforms.ActiveCfg = Release|Any CPU
		{5DB41917-3D5D-403F-B552-02B452C07C5D}.Release|Mixed Platforms.Build.0 = Release|Any CPU
		{5DB41917-3D5D-403F-B552-02B452C07C5D}.Release|x86.ActiveCfg = Release|x86
		{5DB41917-3D5D-403F-B552-02B452C07C5D}.Release|x86.Build.0 = Release|x86
		{4CEACB22-5EFE-440A-A530-D5C50D1A77DD}.Apq_Web|.NET.ActiveCfg = Apq_Web|Any CPU
		{4CEACB22-5EFE-440A-A530-D5C50D1A77DD}.Apq_Web|Any CPU.ActiveCfg = Apq_Web|Any CPU
		{4CEACB22-5EFE-440A-A530-D5C50D1A77DD}.Apq_Web|Any CPU.Build.0 = Apq_Web|Any CPU
		{4CEACB22-5EFE-440A-A530-D5C50D1A77DD}.Apq_Web|Mixed Platforms.ActiveCfg = Apq_Web|Any CPU
		{4CEACB22-5EFE-440A-A530-D5C50D1A77DD}.Apq_Web|Mixed Platforms.Build.0 = Apq_Web|Any CPU
		{4CEACB22-5EFE-440A-A530-D5C50D1A77DD}.Apq_Web|x86.ActiveCfg = Apq_Web|x86
		{4CEACB22-5EFE-440A-A530-D5C50D1A77DD}.Apq_Web|x86.Build.0 = Apq_Web|x86
		{4CEACB22-5EFE-440A-A530-D5C50D1A77DD}.Apq_Win|.NET.ActiveCfg = Apq_Win|Any CPU
		{4CEACB22-5EFE-440A-A530-D5C50D1A77DD}.Apq_Win|Any CPU.ActiveCfg = Apq_Win|Any CPU
		{4CEACB22-5EFE-440A-A530-D5C50D1A77DD}.Apq_Win|Mixed Platforms.ActiveCfg = Apq_Win|Any CPU
		{4CEACB22-5EFE-440A-A530-D5C50D1A77DD}.Apq_Win|x86.ActiveCfg = Apq_Win|x86
		{4CEACB22-5EFE-440A-A530-D5C50D1A77DD}.Apq_Win|x86.Build.0 = Apq_Win|x86
		{4CEACB22-5EFE-440A-A530-D5C50D1A77DD}.Debug_Home|.NET.ActiveCfg = Debug_Home|Any CPU
		{4CEACB22-5EFE-440A-A530-D5C50D1A77DD}.Debug_Home|Any CPU.ActiveCfg = Debug_Home|Any CPU
		{4CEACB22-5EFE-440A-A530-D5C50D1A77DD}.Debug_Home|Any CPU.Build.0 = Debug_Home|Any CPU
		{4CEACB22-5EFE-440A-A530-D5C50D1A77DD}.Debug_Home|Mixed Platforms.ActiveCfg = Debug_Home|Any CPU
		{4CEACB22-5EFE-440A-A530-D5C50D1A77DD}.Debug_Home|Mixed Platforms.Build.0 = Debug_Home|Any CPU
		{4CEACB22-5EFE-440A-A530-D5C50D1A77DD}.Debug_Home|x86.ActiveCfg = Debug_Home|x86
		{4CEACB22-5EFE-440A-A530-D5C50D1A77DD}.Debug_Home|x86.Build.0 = Debug_Home|x86
		{4CEACB22-5EFE-440A-A530-D5C50D1A77DD}.Debug|.NET.ActiveCfg = Debug|Any CPU
		{4CEACB22-5EFE-440A-A530-D5C50D1A77DD}.Debug|Any CPU.ActiveCfg = Debug|Any CPU
		{4CEACB22-5EFE-440A-A530-D5C50D1A77DD}.Debug|Any CPU.Build.0 = Debug|Any CPU
		{4CEACB22-5EFE-440A-A530-D5C50D1A77DD}.Debug|Mixed Platforms.ActiveCfg = Debug|Any CPU
		{4CEACB22-5EFE-440A-A530-D5C50D1A77DD}.Debug|Mixed Platforms.Build.0 = Debug|Any CPU
		{4CEACB22-5EFE-440A-A530-D5C50D1A77DD}.Debug|x86.ActiveCfg = Debug|x86
		{4CEACB22-5EFE-440A-A530-D5C50D1A77DD}.Debug|x86.Build.0 = Debug|x86
		{4CEACB22-5EFE-440A-A530-D5C50D1A77DD}.Release|.NET.ActiveCfg = Release|Any CPU
		{4CEACB22-5EFE-440A-A530-D5C50D1A77DD}.Release|Any CPU.ActiveCfg = Release|Any CPU
		{4CEACB22-5EFE-440A-A530-D5C50D1A77DD}.Release|Any CPU.Build.0 = Release|Any CPU
		{4CEACB22-5EFE-440A-A530-D5C50D1A77DD}.Release|Mixed Platforms.ActiveCfg = Release|Any CPU
		{4CEACB22-5EFE-440A-A530-D5C50D1A77DD}.Release|Mixed Platforms.Build.0 = Release|Any CPU
		{4CEACB22-5EFE-440A-A530-D5C50D1A77DD}.Release|x86.ActiveCfg = Release|x86
		{4CEACB22-5EFE-440A-A530-D5C50D1A77DD}.Release|x86.Build.0 = Release|x86
		{1B263B69-8103-46D0-A753-7E19DC8E7EB5}.Apq_Web|.NET.ActiveCfg = Apq_Web|Any CPU
		{1B263B69-8103-46D0-A753-7E19DC8E7EB5}.Apq_Web|Any CPU.ActiveCfg = Apq_Web|Any CPU
		{1B263B69-8103-46D0-A753-7E19DC8E7EB5}.Apq_Web|Any CPU.Build.0 = Apq_Web|Any CPU
		{1B263B69-8103-46D0-A753-7E19DC8E7EB5}.Apq_Web|Mixed Platforms.ActiveCfg = Apq_Web|Any CPU
		{1B263B69-8103-46D0-A753-7E19DC8E7EB5}.Apq_Web|Mixed Platforms.Build.0 = Apq_Web|Any CPU
		{1B263B69-8103-46D0-A753-7E19DC8E7EB5}.Apq_Web|x86.ActiveCfg = Apq_Web|x86
		{1B263B69-8103-46D0-A753-7E19DC8E7EB5}.Apq_Web|x86.Build.0 = Apq_Web|x86
		{1B263B69-8103-46D0-A753-7E19DC8E7EB5}.Apq_Win|.NET.ActiveCfg = Apq_Win|Any CPU
		{1B263B69-8103-46D0-A753-7E19DC8E7EB5}.Apq_Win|Any CPU.ActiveCfg = Apq_Win|Any CPU
		{1B263B69-8103-46D0-A753-7E19DC8E7EB5}.Apq_Win|Any CPU.Build.0 = Apq_Win|Any CPU
		{1B263B69-8103-46D0-A753-7E19DC8E7EB5}.Apq_Win|Mixed Platforms.ActiveCfg = Apq_Win|Any CPU
		{1B263B69-8103-46D0-A753-7E19DC8E7EB5}.Apq_Win|Mixed Platforms.Build.0 = Apq_Win|Any CPU
		{1B263B69-8103-46D0-A753-7E19DC8E7EB5}.Apq_Win|x86.ActiveCfg = Apq_Win|x86
		{1B263B69-8103-46D0-A753-7E19DC8E7EB5}.Apq_Win|x86.Build.0 = Apq_Win|x86
		{1B263B69-8103-46D0-A753-7E19DC8E7EB5}.Debug_Home|.NET.ActiveCfg = Debug_Home|Any CPU
		{1B263B69-8103-46D0-A753-7E19DC8E7EB5}.Debug_Home|Any CPU.ActiveCfg = Debug_Home|Any CPU
		{1B263B69-8103-46D0-A753-7E19DC8E7EB5}.Debug_Home|Any CPU.Build.0 = Debug_Home|Any CPU
		{1B263B69-8103-46D0-A753-7E19DC8E7EB5}.Debug_Home|Mixed Platforms.ActiveCfg = Debug_Home|Any CPU
		{1B263B69-8103-46D0-A753-7E19DC8E7EB5}.Debug_Home|Mixed Platforms.Build.0 = Debug_Home|Any CPU
		{1B263B69-8103-46D0-A753-7E19DC8E7EB5}.Debug_Home|x86.ActiveCfg = Debug_Home|x86
		{1B263B69-8103-46D0-A753-7E19DC8E7EB5}.Debug_Home|x86.Build.0 = Debug_Home|x86
		{1B263B69-8103-46D0-A753-7E19DC8E7EB5}.Debug|.NET.ActiveCfg = Debug|Any CPU
		{1B263B69-8103-46D0-A753-7E19DC8E7EB5}.Debug|Any CPU.ActiveCfg = Debug|Any CPU
		{1B263B69-8103-46D0-A753-7E19DC8E7EB5}.Debug|Any CPU.Build.0 = Debug|Any CPU
		{1B263B69-8103-46D0-A753-7E19DC8E7EB5}.Debug|Mixed Platforms.ActiveCfg = Debug|Any CPU
		{1B263B69-8103-46D0-A753-7E19DC8E7EB5}.Debug|Mixed Platforms.Build.0 = Debug|Any CPU
		{1B263B69-8103-46D0-A753-7E19DC8E7EB5}.Debug|x86.ActiveCfg = Debug|x86
		{1B263B69-8103-46D0-A753-7E19DC8E7EB5}.Debug|x86.Build.0 = Debug|x86
		{1B263B69-8103-46D0-A753-7E19DC8E7EB5}.Release|.NET.ActiveCfg = Release|Any CPU
		{1B263B69-8103-46D0-A753-7E19DC8E7EB5}.Release|Any CPU.ActiveCfg = Release|Any CPU
		{1B263B69-8103-46D0-A753-7E19DC8E7EB5}.Release|Any CPU.Build.0 = Release|Any CPU
		{1B263B69-8103-46D0-A753-7E19DC8E7EB5}.Release|Mixed Platforms.ActiveCfg = Release|Any CPU
		{1B263B69-8103-46D0-A753-7E19DC8E7EB5}.Release|Mixed Platforms.Build.0 = Release|Any CPU
		{1B263B69-8103-46D0-A753-7E19DC8E7EB5}.Release|x86.ActiveCfg = Release|x86
		{1B263B69-8103-46D0-A753-7E19DC8E7EB5}.Release|x86.Build.0 = Release|x86
		{F8FF4DDE-920A-41B6-B7D5-3F2FE88A0ADA}.Apq_Web|.NET.ActiveCfg = Apq_Web|Any CPU
		{F8FF4DDE-920A-41B6-B7D5-3F2FE88A0ADA}.Apq_Web|Any CPU.ActiveCfg = Apq_Web|Any CPU
		{F8FF4DDE-920A-41B6-B7D5-3F2FE88A0ADA}.Apq_Web|Any CPU.Build.0 = Apq_Web|Any CPU
		{F8FF4DDE-920A-41B6-B7D5-3F2FE88A0ADA}.Apq_Web|Mixed Platforms.ActiveCfg = Apq_Web|Any CPU
		{F8FF4DDE-920A-41B6-B7D5-3F2FE88A0ADA}.Apq_Web|Mixed Platforms.Build.0 = Apq_Web|Any CPU
		{F8FF4DDE-920A-41B6-B7D5-3F2FE88A0ADA}.Apq_Web|x86.ActiveCfg = Apq_Web|x86
		{F8FF4DDE-920A-41B6-B7D5-3F2FE88A0ADA}.Apq_Web|x86.Build.0 = Apq_Web|x86
		{F8FF4DDE-920A-41B6-B7D5-3F2FE88A0ADA}.Apq_Win|.NET.ActiveCfg = Apq_Win|Any CPU
		{F8FF4DDE-920A-41B6-B7D5-3F2FE88A0ADA}.Apq_Win|Any CPU.ActiveCfg = Apq_Win|Any CPU
		{F8FF4DDE-920A-41B6-B7D5-3F2FE88A0ADA}.Apq_Win|Any CPU.Build.0 = Apq_Win|Any CPU
		{F8FF4DDE-920A-41B6-B7D5-3F2FE88A0ADA}.Apq_Win|Mixed Platforms.ActiveCfg = Apq_Win|Any CPU
		{F8FF4DDE-920A-41B6-B7D5-3F2FE88A0ADA}.Apq_Win|Mixed Platforms.Build.0 = Apq_Win|Any CPU
		{F8FF4DDE-920A-41B6-B7D5-3F2FE88A0ADA}.Apq_Win|x86.ActiveCfg = Apq_Win|x86
		{F8FF4DDE-920A-41B6-B7D5-3F2FE88A0ADA}.Apq_Win|x86.Build.0 = Apq_Win|x86
		{F8FF4DDE-920A-41B6-B7D5-3F2FE88A0ADA}.Debug_Home|.NET.ActiveCfg = Debug_Home|Any CPU
		{F8FF4DDE-920A-41B6-B7D5-3F2FE88A0ADA}.Debug_Home|Any CPU.ActiveCfg = Debug_Home|Any CPU
		{F8FF4DDE-920A-41B6-B7D5-3F2FE88A0ADA}.Debug_Home|Any CPU.Build.0 = Debug_Home|Any CPU
		{F8FF4DDE-920A-41B6-B7D5-3F2FE88A0ADA}.Debug_Home|Mixed Platforms.ActiveCfg = Debug_Home|Any CPU
		{F8FF4DDE-920A-41B6-B7D5-3F2FE88A0ADA}.Debug_Home|Mixed Platforms.Build.0 = Debug_Home|Any CPU
		{F8FF4DDE-920A-41B6-B7D5-3F2FE88A0ADA}.Debug_Home|x86.ActiveCfg = Debug_Home|x86
		{F8FF4DDE-920A-41B6-B7D5-3F2FE88A0ADA}.Debug_Home|x86.Build.0 = Debug_Home|x86
		{F8FF4DDE-920A-41B6-B7D5-3F2FE88A0ADA}.Debug|.NET.ActiveCfg = Debug|Any CPU
		{F8FF4DDE-920A-41B6-B7D5-3F2FE88A0ADA}.Debug|Any CPU.ActiveCfg = Debug|Any CPU
		{F8FF4DDE-920A-41B6-B7D5-3F2FE88A0ADA}.Debug|Any CPU.Build.0 = Debug|Any CPU
		{F8FF4DDE-920A-41B6-B7D5-3F2FE88A0ADA}.Debug|Mixed Platforms.ActiveCfg = Debug|Any CPU
		{F8FF4DDE-920A-41B6-B7D5-3F2FE88A0ADA}.Debug|Mixed Platforms.Build.0 = Debug|Any CPU
		{F8FF4DDE-920A-41B6-B7D5-3F2FE88A0ADA}.Debug|x86.ActiveCfg = Debug|x86
		{F8FF4DDE-920A-41B6-B7D5-3F2FE88A0ADA}.Debug|x86.Build.0 = Debug|x86
		{F8FF4DDE-920A-41B6-B7D5-3F2FE88A0ADA}.Release|.NET.ActiveCfg = Release|Any CPU
		{F8FF4DDE-920A-41B6-B7D5-3F2FE88A0ADA}.Release|Any CPU.ActiveCfg = Release|Any CPU
		{F8FF4DDE-920A-41B6-B7D5-3F2FE88A0ADA}.Release|Any CPU.Build.0 = Release|Any CPU
		{F8FF4DDE-920A-41B6-B7D5-3F2FE88A0ADA}.Release|Mixed Platforms.ActiveCfg = Release|Any CPU
		{F8FF4DDE-920A-41B6-B7D5-3F2FE88A0ADA}.Release|Mixed Platforms.Build.0 = Release|Any CPU
		{F8FF4DDE-920A-41B6-B7D5-3F2FE88A0ADA}.Release|x86.ActiveCfg = Release|x86
		{F8FF4DDE-920A-41B6-B7D5-3F2FE88A0ADA}.Release|x86.Build.0 = Release|x86
		{8BE566A2-8F79-4891-AF21-D44EE76D104B}.Apq_Web|.NET.ActiveCfg = Apq_Web|Any CPU
		{8BE566A2-8F79-4891-AF21-D44EE76D104B}.Apq_Web|Any CPU.ActiveCfg = Apq_Web|Any CPU
		{8BE566A2-8F79-4891-AF21-D44EE76D104B}.Apq_Web|Mixed Platforms.ActiveCfg = Apq_Web|Any CPU
		{8BE566A2-8F79-4891-AF21-D44EE76D104B}.Apq_Web|Mixed Platforms.Build.0 = Apq_Web|Any CPU
		{8BE566A2-8F79-4891-AF21-D44EE76D104B}.Apq_Web|x86.ActiveCfg = Apq_Web|x86
		{8BE566A2-8F79-4891-AF21-D44EE76D104B}.Apq_Web|x86.Build.0 = Apq_Web|x86
		{8BE566A2-8F79-4891-AF21-D44EE76D104B}.Apq_Win|.NET.ActiveCfg = Apq_Win|Any CPU
		{8BE566A2-8F79-4891-AF21-D44EE76D104B}.Apq_Win|Any CPU.ActiveCfg = Apq_Win|Any CPU
		{8BE566A2-8F79-4891-AF21-D44EE76D104B}.Apq_Win|Any CPU.Build.0 = Apq_Win|Any CPU
		{8BE566A2-8F79-4891-AF21-D44EE76D104B}.Apq_Win|Mixed Platforms.ActiveCfg = Apq_Win|Any CPU
		{8BE566A2-8F79-4891-AF21-D44EE76D104B}.Apq_Win|Mixed Platforms.Build.0 = Apq_Win|Any CPU
		{8BE566A2-8F79-4891-AF21-D44EE76D104B}.Apq_Win|x86.ActiveCfg = Apq_Win|x86
		{8BE566A2-8F79-4891-AF21-D44EE76D104B}.Apq_Win|x86.Build.0 = Apq_Win|x86
		{8BE566A2-8F79-4891-AF21-D44EE76D104B}.Debug_Home|.NET.ActiveCfg = Debug_Home|Any CPU
		{8BE566A2-8F79-4891-AF21-D44EE76D104B}.Debug_Home|Any CPU.ActiveCfg = Debug_Home|Any CPU
		{8BE566A2-8F79-4891-AF21-D44EE76D104B}.Debug_Home|Any CPU.Build.0 = Debug_Home|Any CPU
		{8BE566A2-8F79-4891-AF21-D44EE76D104B}.Debug_Home|Mixed Platforms.ActiveCfg = Debug_Home|Any CPU
		{8BE566A2-8F79-4891-AF21-D44EE76D104B}.Debug_Home|Mixed Platforms.Build.0 = Debug_Home|Any CPU
		{8BE566A2-8F79-4891-AF21-D44EE76D104B}.Debug_Home|x86.ActiveCfg = Debug_Home|x86
		{8BE566A2-8F79-4891-AF21-D44EE76D104B}.Debug_Home|x86.Build.0 = Debug_Home|x86
		{8BE566A2-8F79-4891-AF21-D44EE76D104B}.Debug|.NET.ActiveCfg = Debug|Any CPU
		{8BE566A2-8F79-4891-AF21-D44EE76D104B}.Debug|Any CPU.ActiveCfg = Debug|Any CPU
		{8BE566A2-8F79-4891-AF21-D44EE76D104B}.Debug|Any CPU.Build.0 = Debug|Any CPU
		{8BE566A2-8F79-4891-AF21-D44EE76D104B}.Debug|Mixed Platforms.ActiveCfg = Debug|Any CPU
		{8BE566A2-8F79-4891-AF21-D44EE76D104B}.Debug|Mixed Platforms.Build.0 = Debug|Any CPU
		{8BE566A2-8F79-4891-AF21-D44EE76D104B}.Debug|x86.ActiveCfg = Debug|x86
		{8BE566A2-8F79-4891-AF21-D44EE76D104B}.Debug|x86.Build.0 = Debug|x86
		{8BE566A2-8F79-4891-AF21-D44EE76D104B}.Release|.NET.ActiveCfg = Release|Any CPU
		{8BE566A2-8F79-4891-AF21-D44EE76D104B}.Release|Any CPU.ActiveCfg = Release|Any CPU
		{8BE566A2-8F79-4891-AF21-D44EE76D104B}.Release|Any CPU.Build.0 = Release|Any CPU
		{8BE566A2-8F79-4891-AF21-D44EE76D104B}.Release|Mixed Platforms.ActiveCfg = Release|Any CPU
		{8BE566A2-8F79-4891-AF21-D44EE76D104B}.Release|Mixed Platforms.Build.0 = Release|Any CPU
		{8BE566A2-8F79-4891-AF21-D44EE76D104B}.Release|x86.ActiveCfg = Release|x86
		{8BE566A2-8F79-4891-AF21-D44EE76D104B}.Release|x86.Build.0 = Release|x86
		{AFE9628A-6D2D-45FE-AAC9-9DCD94AD460F}.Apq_Web|.NET.ActiveCfg = Release|Any CPU
		{AFE9628A-6D2D-45FE-AAC9-9DCD94AD460F}.Apq_Web|Any CPU.ActiveCfg = Release|Any CPU
		{AFE9628A-6D2D-45FE-AAC9-9DCD94AD460F}.Apq_Web|Any CPU.Build.0 = Release|Any CPU
		{AFE9628A-6D2D-45FE-AAC9-9DCD94AD460F}.Apq_Web|Mixed Platforms.ActiveCfg = Release|Any CPU
		{AFE9628A-6D2D-45FE-AAC9-9DCD94AD460F}.Apq_Web|Mixed Platforms.Build.0 = Release|Any CPU
		{AFE9628A-6D2D-45FE-AAC9-9DCD94AD460F}.Apq_Web|x86.ActiveCfg = Release|Any CPU
		{AFE9628A-6D2D-45FE-AAC9-9DCD94AD460F}.Apq_Win|.NET.ActiveCfg = Release|Any CPU
		{AFE9628A-6D2D-45FE-AAC9-9DCD94AD460F}.Apq_Win|Any CPU.ActiveCfg = Release|Any CPU
		{AFE9628A-6D2D-45FE-AAC9-9DCD94AD460F}.Apq_Win|Any CPU.Build.0 = Release|Any CPU
		{AFE9628A-6D2D-45FE-AAC9-9DCD94AD460F}.Apq_Win|Mixed Platforms.ActiveCfg = Release|Any CPU
		{AFE9628A-6D2D-45FE-AAC9-9DCD94AD460F}.Apq_Win|Mixed Platforms.Build.0 = Release|Any CPU
		{AFE9628A-6D2D-45FE-AAC9-9DCD94AD460F}.Apq_Win|x86.ActiveCfg = Release|Any CPU
		{AFE9628A-6D2D-45FE-AAC9-9DCD94AD460F}.Debug_Home|.NET.ActiveCfg = Debug|Any CPU
		{AFE9628A-6D2D-45FE-AAC9-9DCD94AD460F}.Debug_Home|Any CPU.ActiveCfg = Debug|Any CPU
		{AFE9628A-6D2D-45FE-AAC9-9DCD94AD460F}.Debug_Home|Any CPU.Build.0 = Debug|Any CPU
		{AFE9628A-6D2D-45FE-AAC9-9DCD94AD460F}.Debug_Home|Mixed Platforms.ActiveCfg = Debug|Any CPU
		{AFE9628A-6D2D-45FE-AAC9-9DCD94AD460F}.Debug_Home|Mixed Platforms.Build.0 = Debug|Any CPU
		{AFE9628A-6D2D-45FE-AAC9-9DCD94AD460F}.Debug_Home|x86.ActiveCfg = Debug|Any CPU
		{AFE9628A-6D2D-45FE-AAC9-9DCD94AD460F}.Debug|.NET.ActiveCfg = Debug|Any CPU
		{AFE9628A-6D2D-45FE-AAC9-9DCD94AD460F}.Debug|Any CPU.ActiveCfg = Debug|Any CPU
		{AFE9628A-6D2D-45FE-AAC9-9DCD94AD460F}.Debug|Any CPU.Build.0 = Debug|Any CPU
		{AFE9628A-6D2D-45FE-AAC9-9DCD94AD460F}.Debug|Mixed Platforms.ActiveCfg = Debug|Any CPU
		{AFE9628A-6D2D-45FE-AAC9-9DCD94AD460F}.Debug|Mixed Platforms.Build.0 = Debug|Any CPU
		{AFE9628A-6D2D-45FE-AAC9-9DCD94AD460F}.Debug|x86.ActiveCfg = Debug|Any CPU
		{AFE9628A-6D2D-45FE-AAC9-9DCD94AD460F}.Release|.NET.ActiveCfg = Release|Any CPU
		{AFE9628A-6D2D-45FE-AAC9-9DCD94AD460F}.Release|Any CPU.ActiveCfg = Release|Any CPU
		{AFE9628A-6D2D-45FE-AAC9-9DCD94AD460F}.Release|Any CPU.Build.0 = Release|Any CPU
		{AFE9628A-6D2D-45FE-AAC9-9DCD94AD460F}.Release|Mixed Platforms.ActiveCfg = Release|Any CPU
		{AFE9628A-6D2D-45FE-AAC9-9DCD94AD460F}.Release|Mixed Platforms.Build.0 = Release|Any CPU
		{AFE9628A-6D2D-45FE-AAC9-9DCD94AD460F}.Release|x86.ActiveCfg = Release|Any CPU
		{83CCEF59-5B6A-4D0B-BA61-DB9E7250C079}.Apq_Web|.NET.ActiveCfg = Release|Any CPU
		{83CCEF59-5B6A-4D0B-BA61-DB9E7250C079}.Apq_Web|Any CPU.ActiveCfg = Apq_Web|Any CPU
		{83CCEF59-5B6A-4D0B-BA61-DB9E7250C079}.Apq_Web|Any CPU.Build.0 = Apq_Web|Any CPU
		{83CCEF59-5B6A-4D0B-BA61-DB9E7250C079}.Apq_Web|Mixed Platforms.ActiveCfg = Release|Any CPU
		{83CCEF59-5B6A-4D0B-BA61-DB9E7250C079}.Apq_Web|Mixed Platforms.Build.0 = Release|Any CPU
		{83CCEF59-5B6A-4D0B-BA61-DB9E7250C079}.Apq_Web|x86.ActiveCfg = Release|Any CPU
		{83CCEF59-5B6A-4D0B-BA61-DB9E7250C079}.Apq_Win|.NET.ActiveCfg = Release|Any CPU
		{83CCEF59-5B6A-4D0B-BA61-DB9E7250C079}.Apq_Win|Any CPU.ActiveCfg = Apq_Win|Any CPU
		{83CCEF59-5B6A-4D0B-BA61-DB9E7250C079}.Apq_Win|Any CPU.Build.0 = Apq_Win|Any CPU
		{83CCEF59-5B6A-4D0B-BA61-DB9E7250C079}.Apq_Win|Mixed Platforms.ActiveCfg = Release|Any CPU
		{83CCEF59-5B6A-4D0B-BA61-DB9E7250C079}.Apq_Win|Mixed Platforms.Build.0 = Release|Any CPU
		{83CCEF59-5B6A-4D0B-BA61-DB9E7250C079}.Apq_Win|x86.ActiveCfg = Release|Any CPU
		{83CCEF59-5B6A-4D0B-BA61-DB9E7250C079}.Debug_Home|.NET.ActiveCfg = Debug|Any CPU
		{83CCEF59-5B6A-4D0B-BA61-DB9E7250C079}.Debug_Home|Any CPU.ActiveCfg = Debug_Home|Any CPU
		{83CCEF59-5B6A-4D0B-BA61-DB9E7250C079}.Debug_Home|Any CPU.Build.0 = Debug_Home|Any CPU
		{83CCEF59-5B6A-4D0B-BA61-DB9E7250C079}.Debug_Home|Mixed Platforms.ActiveCfg = Debug|Any CPU
		{83CCEF59-5B6A-4D0B-BA61-DB9E7250C079}.Debug_Home|Mixed Platforms.Build.0 = Debug|Any CPU
		{83CCEF59-5B6A-4D0B-BA61-DB9E7250C079}.Debug_Home|x86.ActiveCfg = Debug|Any CPU
		{83CCEF59-5B6A-4D0B-BA61-DB9E7250C079}.Debug|.NET.ActiveCfg = Debug|Any CPU
		{83CCEF59-5B6A-4D0B-BA61-DB9E7250C079}.Debug|Any CPU.ActiveCfg = Debug|Any CPU
		{83CCEF59-5B6A-4D0B-BA61-DB9E7250C079}.Debug|Any CPU.Build.0 = Debug|Any CPU
		{83CCEF59-5B6A-4D0B-BA61-DB9E7250C079}.Debug|Mixed Platforms.ActiveCfg = Debug|Any CPU
		{83CCEF59-5B6A-4D0B-BA61-DB9E7250C079}.Debug|Mixed Platforms.Build.0 = Debug|Any CPU
		{83CCEF59-5B6A-4D0B-BA61-DB9E7250C079}.Debug|x86.ActiveCfg = Debug|Any CPU
		{83CCEF59-5B6A-4D0B-BA61-DB9E7250C079}.Release|.NET.ActiveCfg = Release|Any CPU
		{83CCEF59-5B6A-4D0B-BA61-DB9E7250C079}.Release|Any CPU.ActiveCfg = Release|Any CPU
		{83CCEF59-5B6A-4D0B-BA61-DB9E7250C079}.Release|Any CPU.Build.0 = Release|Any CPU
		{83CCEF59-5B6A-4D0B-BA61-DB9E7250C079}.Release|Mixed Platforms.ActiveCfg = Release|Any CPU
		{83CCEF59-5B6A-4D0B-BA61-DB9E7250C079}.Release|Mixed Platforms.Build.0 = Release|Any CPU
		{83CCEF59-5B6A-4D0B-BA61-DB9E7250C079}.Release|x86.ActiveCfg = Release|Any CPU
	EndGlobalSection
	GlobalSection(SolutionProperties) = preSolution
		HideSolutionNode = FALSE
	EndGlobalSection
	GlobalSection(ExtensibilityGlobals) = postSolution
		VisualSVNWorkingCopyRoot = .
	EndGlobalSection
EndGlobal
