
Microsoft Visual Studio Solution File, Format Version 10.00
# Visual Studio 2008
Project("{FAE04EC0-301F-11D3-BF4B-00C04F79EFBC}") = "Img", "Img.csproj", "{EBA996C1-1015-4DCC-ADDB-CC2653F4D658}"
EndProject
Global
	GlobalSection(SolutionConfigurationPlatforms) = preSolution
		Debug|Any CPU = Debug|Any CPU
		Release|Any CPU = Release|Any CPU
	EndGlobalSection
	GlobalSection(ProjectConfigurationPlatforms) = postSolution
		{EBA996C1-1015-4DCC-ADDB-CC2653F4D658}.Debug|Any CPU.ActiveCfg = Debug|Any CPU
		{EBA996C1-1015-4DCC-ADDB-CC2653F4D658}.Debug|Any CPU.Build.0 = Debug|Any CPU
		{EBA996C1-1015-4DCC-ADDB-CC2653F4D658}.Release|Any CPU.ActiveCfg = Release|Any CPU
		{EBA996C1-1015-4DCC-ADDB-CC2653F4D658}.Release|Any CPU.Build.0 = Release|Any CPU
	EndGlobalSection
	GlobalSection(SolutionProperties) = preSolution
		HideSolutionNode = FALSE
	EndGlobalSection
EndGlobal
