
Microsoft Visual Studio Solution File, Format Version 11.00
# Visual Studio 2010
Project("{FAE04EC0-301F-11D3-BF4B-00C04F79EFBC}") = "Apq.CryptKey", "Apq.CryptKey.csproj", "{83CCEF59-5B6A-4D0B-BA61-DB9E7250C079}"
EndProject
Global
	GlobalSection(SolutionConfigurationPlatforms) = preSolution
		Apq_Web|Any CPU = Apq_Web|Any CPU
		Apq_Win|Any CPU = Apq_Win|Any CPU
		Debug_Home|Any CPU = Debug_Home|Any CPU
		Debug|Any CPU = Debug|Any CPU
		Release|Any CPU = Release|Any CPU
	EndGlobalSection
	GlobalSection(ProjectConfigurationPlatforms) = postSolution
		{83CCEF59-5B6A-4D0B-BA61-DB9E7250C079}.Apq_Web|Any CPU.ActiveCfg = Apq_Web|Any CPU
		{83CCEF59-5B6A-4D0B-BA61-DB9E7250C079}.Apq_Web|Any CPU.Build.0 = Apq_Web|Any CPU
		{83CCEF59-5B6A-4D0B-BA61-DB9E7250C079}.Apq_Win|Any CPU.ActiveCfg = Apq_Win|Any CPU
		{83CCEF59-5B6A-4D0B-BA61-DB9E7250C079}.Apq_Win|Any CPU.Build.0 = Apq_Win|Any CPU
		{83CCEF59-5B6A-4D0B-BA61-DB9E7250C079}.Debug_Home|Any CPU.ActiveCfg = Debug_Home|Any CPU
		{83CCEF59-5B6A-4D0B-BA61-DB9E7250C079}.Debug_Home|Any CPU.Build.0 = Debug_Home|Any CPU
		{83CCEF59-5B6A-4D0B-BA61-DB9E7250C079}.Debug|Any CPU.ActiveCfg = Debug|Any CPU
		{83CCEF59-5B6A-4D0B-BA61-DB9E7250C079}.Debug|Any CPU.Build.0 = Debug|Any CPU
		{83CCEF59-5B6A-4D0B-BA61-DB9E7250C079}.Release|Any CPU.ActiveCfg = Release|Any CPU
		{83CCEF59-5B6A-4D0B-BA61-DB9E7250C079}.Release|Any CPU.Build.0 = Release|Any CPU
	EndGlobalSection
	GlobalSection(SolutionProperties) = preSolution
		HideSolutionNode = FALSE
	EndGlobalSection
EndGlobal
